
Microsoft Visual Studio Solution File, Format Version 12.00
# Visual Studio Version 16
VisualStudioVersion = 16.0.31424.327
MinimumVisualStudioVersion = 10.0.40219.1
Project("{FAE04EC0-301F-11D3-BF4B-00C04F79EFBC}") = "ProdutorPocBasic", "..\ProdutorPocBasic\ProdutorPocBasic.csproj", "{2D1991C9-3373-47A9-B58C-C2ACC7A50713}"
EndProject
Project("{FAE04EC0-301F-11D3-BF4B-00C04F79EFBC}") = "ConsumerPocBasic", "..\ConsumerPocBasic\ConsumerPocBasic.csproj", "{F21D99B9-2EF6-450A-990D-465FE3B4358C}"
EndProject
Global
	GlobalSection(SolutionConfigurationPlatforms) = preSolution
		Debug|Any CPU = Debug|Any CPU
		Release|Any CPU = Release|Any CPU
	EndGlobalSection
	GlobalSection(ProjectConfigurationPlatforms) = postSolution
		{2D1991C9-3373-47A9-B58C-C2ACC7A50713}.Debug|Any CPU.ActiveCfg = Debug|Any CPU
		{2D1991C9-3373-47A9-B58C-C2ACC7A50713}.Debug|Any CPU.Build.0 = Debug|Any CPU
		{2D1991C9-3373-47A9-B58C-C2ACC7A50713}.Release|Any CPU.ActiveCfg = Release|Any CPU
		{2D1991C9-3373-47A9-B58C-C2ACC7A50713}.Release|Any CPU.Build.0 = Release|Any CPU
		{F21D99B9-2EF6-450A-990D-465FE3B4358C}.Debug|Any CPU.ActiveCfg = Debug|Any CPU
		{F21D99B9-2EF6-450A-990D-465FE3B4358C}.Debug|Any CPU.Build.0 = Debug|Any CPU
		{F21D99B9-2EF6-450A-990D-465FE3B4358C}.Release|Any CPU.ActiveCfg = Release|Any CPU
		{F21D99B9-2EF6-450A-990D-465FE3B4358C}.Release|Any CPU.Build.0 = Release|Any CPU
	EndGlobalSection
	GlobalSection(SolutionProperties) = preSolution
		HideSolutionNode = FALSE
	EndGlobalSection
	GlobalSection(ExtensibilityGlobals) = postSolution
		SolutionGuid = {628484AF-FA39-41A3-8D93-52D7410C31D3}
	EndGlobalSection
EndGlobal
